
Microsoft Visual Studio Solution File, Format Version 12.00
# Visual Studio Version 18
VisualStudioVersion = 18.3.11218.70 d18.3
MinimumVisualStudioVersion = 10.0.40219.1
Project("{FAE04EC0-301F-11D3-BF4B-00C04F79EFBC}") = "Weblog.Domain.Core", "Weblog.Domain.Core.csproj", "{D8AF515A-6115-CD10-E379-4D686AA6628D}"
EndProject
Global
	GlobalSection(SolutionConfigurationPlatforms) = preSolution
		Debug|Any CPU = Debug|Any CPU
		Release|Any CPU = Release|Any CPU
	EndGlobalSection
	GlobalSection(ProjectConfigurationPlatforms) = postSolution
		{D8AF515A-6115-CD10-E379-4D686AA6628D}.Debug|Any CPU.ActiveCfg = Debug|Any CPU
		{D8AF515A-6115-CD10-E379-4D686AA6628D}.Debug|Any CPU.Build.0 = Debug|Any CPU
		{D8AF515A-6115-CD10-E379-4D686AA6628D}.Release|Any CPU.ActiveCfg = Release|Any CPU
		{D8AF515A-6115-CD10-E379-4D686AA6628D}.Release|Any CPU.Build.0 = Release|Any CPU
	EndGlobalSection
	GlobalSection(SolutionProperties) = preSolution
		HideSolutionNode = FALSE
	EndGlobalSection
	GlobalSection(ExtensibilityGlobals) = postSolution
		SolutionGuid = {21F99EA4-0A69-4CE0-A736-C7C773BF60FA}
	EndGlobalSection
EndGlobal
